
Microsoft Visual Studio Solution File, Format Version 12.00
# Visual Studio Version 17
VisualStudioVersion = 17.14.36301.6 d17.14
MinimumVisualStudioVersion = 10.0.40219.1
Project("{FAE04EC0-301F-11D3-BF4B-00C04F79EFBC}") = "Final Exam", "Final Exam\Final Exam.csproj", "{AA5B2052-5D46-4065-94A3-27F2C368D5F3}"
EndProject
Global
	GlobalSection(SolutionConfigurationPlatforms) = preSolution
		Debug|Any CPU = Debug|Any CPU
		Release|Any CPU = Release|Any CPU
	EndGlobalSection
	GlobalSection(ProjectConfigurationPlatforms) = postSolution
		{AA5B2052-5D46-4065-94A3-27F2C368D5F3}.Debug|Any CPU.ActiveCfg = Debug|Any CPU
		{AA5B2052-5D46-4065-94A3-27F2C368D5F3}.Debug|Any CPU.Build.0 = Debug|Any CPU
		{AA5B2052-5D46-4065-94A3-27F2C368D5F3}.Release|Any CPU.ActiveCfg = Release|Any CPU
		{AA5B2052-5D46-4065-94A3-27F2C368D5F3}.Release|Any CPU.Build.0 = Release|Any CPU
	EndGlobalSection
	GlobalSection(SolutionProperties) = preSolution
		HideSolutionNode = FALSE
	EndGlobalSection
	GlobalSection(ExtensibilityGlobals) = postSolution
		SolutionGuid = {C1BCBF4F-2E13-4D9C-88E4-0D4CE6F5D2C6}
	EndGlobalSection
EndGlobal
