
Microsoft Visual Studio Solution File, Format Version 12.00
# Visual Studio Version 17
VisualStudioVersion = 17.14.36301.6 d17.14
MinimumVisualStudioVersion = 10.0.40219.1
Project("{FAE04EC0-301F-11D3-BF4B-00C04F79EFBC}") = "List with Linq", "List with Linq\List with Linq.csproj", "{B4D6A4EC-E848-415F-AAF6-8124C120FF67}"
EndProject
Global
	GlobalSection(SolutionConfigurationPlatforms) = preSolution
		Debug|Any CPU = Debug|Any CPU
		Release|Any CPU = Release|Any CPU
	EndGlobalSection
	GlobalSection(ProjectConfigurationPlatforms) = postSolution
		{B4D6A4EC-E848-415F-AAF6-8124C120FF67}.Debug|Any CPU.ActiveCfg = Debug|Any CPU
		{B4D6A4EC-E848-415F-AAF6-8124C120FF67}.Debug|Any CPU.Build.0 = Debug|Any CPU
		{B4D6A4EC-E848-415F-AAF6-8124C120FF67}.Release|Any CPU.ActiveCfg = Release|Any CPU
		{B4D6A4EC-E848-415F-AAF6-8124C120FF67}.Release|Any CPU.Build.0 = Release|Any CPU
	EndGlobalSection
	GlobalSection(SolutionProperties) = preSolution
		HideSolutionNode = FALSE
	EndGlobalSection
	GlobalSection(ExtensibilityGlobals) = postSolution
		SolutionGuid = {FB7588E2-AECE-4C8B-8B97-3BFD4470DE17}
	EndGlobalSection
EndGlobal
