
Microsoft Visual Studio Solution File, Format Version 12.00
# Visual Studio Version 17
VisualStudioVersion = 17.14.36301.6 d17.14
MinimumVisualStudioVersion = 10.0.40219.1
Project("{FAE04EC0-301F-11D3-BF4B-00C04F79EFBC}") = "Inheritance", "Inheritance\Inheritance.csproj", "{7BAEFE0B-AA59-46EB-8D68-DAD47BD48EA3}"
EndProject
Global
	GlobalSection(SolutionConfigurationPlatforms) = preSolution
		Debug|Any CPU = Debug|Any CPU
		Release|Any CPU = Release|Any CPU
	EndGlobalSection
	GlobalSection(ProjectConfigurationPlatforms) = postSolution
		{7BAEFE0B-AA59-46EB-8D68-DAD47BD48EA3}.Debug|Any CPU.ActiveCfg = Debug|Any CPU
		{7BAEFE0B-AA59-46EB-8D68-DAD47BD48EA3}.Debug|Any CPU.Build.0 = Debug|Any CPU
		{7BAEFE0B-AA59-46EB-8D68-DAD47BD48EA3}.Release|Any CPU.ActiveCfg = Release|Any CPU
		{7BAEFE0B-AA59-46EB-8D68-DAD47BD48EA3}.Release|Any CPU.Build.0 = Release|Any CPU
	EndGlobalSection
	GlobalSection(SolutionProperties) = preSolution
		HideSolutionNode = FALSE
	EndGlobalSection
	GlobalSection(ExtensibilityGlobals) = postSolution
		SolutionGuid = {78CA8DD9-C965-4D08-B3BE-C3CDCD60E34C}
	EndGlobalSection
EndGlobal
