
Microsoft Visual Studio Solution File, Format Version 12.00
# Visual Studio Version 17
VisualStudioVersion = 17.14.36301.6 d17.14
MinimumVisualStudioVersion = 10.0.40219.1
Project("{FAE04EC0-301F-11D3-BF4B-00C04F79EFBC}") = "Queue", "Queue\Queue.csproj", "{8E119D2D-EB48-43AB-8D1B-53526531E4C7}"
EndProject
Global
	GlobalSection(SolutionConfigurationPlatforms) = preSolution
		Debug|Any CPU = Debug|Any CPU
		Release|Any CPU = Release|Any CPU
	EndGlobalSection
	GlobalSection(ProjectConfigurationPlatforms) = postSolution
		{8E119D2D-EB48-43AB-8D1B-53526531E4C7}.Debug|Any CPU.ActiveCfg = Debug|Any CPU
		{8E119D2D-EB48-43AB-8D1B-53526531E4C7}.Debug|Any CPU.Build.0 = Debug|Any CPU
		{8E119D2D-EB48-43AB-8D1B-53526531E4C7}.Release|Any CPU.ActiveCfg = Release|Any CPU
		{8E119D2D-EB48-43AB-8D1B-53526531E4C7}.Release|Any CPU.Build.0 = Release|Any CPU
	EndGlobalSection
	GlobalSection(SolutionProperties) = preSolution
		HideSolutionNode = FALSE
	EndGlobalSection
	GlobalSection(ExtensibilityGlobals) = postSolution
		SolutionGuid = {2B7458E3-9D3A-419B-854D-9074786783F2}
	EndGlobalSection
EndGlobal
